
Microsoft Visual Studio Solution File, Format Version 12.00
# Visual Studio 15
VisualStudioVersion = 15.0.27703.1
MinimumVisualStudioVersion = 10.0.40219.1
Project("{FAE04EC0-301F-11D3-BF4B-00C04F79EFBC}") = "ConsoleApp2", "ConsoleApp2\ConsoleApp2.csproj", "{FE052DD2-718A-4194-B50A-03098963D766}"
EndProject
Project("{FAE04EC0-301F-11D3-BF4B-00C04F79EFBC}") = "MiLibreria", "MiLibreria\MiLibreria.csproj", "{D8241F8E-FD30-4F4C-AA31-FF68B339716C}"
EndProject
Global
	GlobalSection(SolutionConfigurationPlatforms) = preSolution
		Debug|Any CPU = Debug|Any CPU
		Release|Any CPU = Release|Any CPU
	EndGlobalSection
	GlobalSection(ProjectConfigurationPlatforms) = postSolution
		{FE052DD2-718A-4194-B50A-03098963D766}.Debug|Any CPU.ActiveCfg = Debug|Any CPU
		{FE052DD2-718A-4194-B50A-03098963D766}.Debug|Any CPU.Build.0 = Debug|Any CPU
		{FE052DD2-718A-4194-B50A-03098963D766}.Release|Any CPU.ActiveCfg = Release|Any CPU
		{FE052DD2-718A-4194-B50A-03098963D766}.Release|Any CPU.Build.0 = Release|Any CPU
		{D8241F8E-FD30-4F4C-AA31-FF68B339716C}.Debug|Any CPU.ActiveCfg = Debug|Any CPU
		{D8241F8E-FD30-4F4C-AA31-FF68B339716C}.Debug|Any CPU.Build.0 = Debug|Any CPU
		{D8241F8E-FD30-4F4C-AA31-FF68B339716C}.Release|Any CPU.ActiveCfg = Release|Any CPU
		{D8241F8E-FD30-4F4C-AA31-FF68B339716C}.Release|Any CPU.Build.0 = Release|Any CPU
	EndGlobalSection
	GlobalSection(SolutionProperties) = preSolution
		HideSolutionNode = FALSE
	EndGlobalSection
	GlobalSection(ExtensibilityGlobals) = postSolution
		SolutionGuid = {C2419078-A7EC-4CC0-B65B-C7485041787A}
	EndGlobalSection
EndGlobal
